github.com/go-chi/chi/v5 v5.0.12 h1:9euLV5sTrTNTRUU9POmDUvfxyj6LAABLUcEWO+JJb4s=
github.com/go-chi/chi/v5 v5.0.12/go.mod h1:DslCQbL2OYiznFReuXYUmQ2hGd1aDpCnlMNITLSKoi8=
github.com/go-chi/cors v1.2.1 h1:xEC8UT3Rlp2QuWNEr4Fs/c2EAGVKBwy/1vHx3bppil4=
github.com/go-chi/cors v1.2.1/go.mod h1:sSbTewc+6wYHBBCW7ytsFSn836hqM7JxpglAy2Vzc58=
github.com/likexian/gokit v0.25.15 h1:QjospM1eXhdMMHwZRpMKKAHY/Wig9wgcREmLtf9NslY=
github.com/likexian/gokit v0.25.15/go.mod h1:S2QisdsxLEHWeD/XI0QMVeggp+jbxYqUxMvSBil7MRg=
github.com/likexian/whois v1.15.3 h1:0emFSUSUj98Q12Wer3iM3eROPXjg+CyUBlibGPNbKHw=
github.com/likexian/whois v1.15.3/go.mod h1:a6sGAAKEb+O3JRBuW2x/QDM80l5hJ07p0+SjQkJ1c+0=
github.com/noonien/codoc v0.0.0-20240519154704-25b5fe95209b h1:AFA3ZikKPK2Bpw7fya1VNL/3G2cljITunp94X6oNzcc=
github.com/noonien/codoc v0.0.0-20240519154704-25b5fe95209b/go.mod h1:CQOlfN/7Lwon/WF/1OWO745+1Rs2QpI9rUp72cHwX8Y=
golang.org/x/net v0.24.0 h1:1PcaxkF854Fu3+lvBIx5SYn9wRlBzzcnHZSiaFFAb0w=
golang.org/x/net v0.24.0/go.mod h1:2Q7sJY5mzlzWjKtYUEXSlBWCdyaioyXzRB2RtU8KVE8=
